
Microsoft Visual Studio Solution File, Format Version 12.00
# Visual Studio Version 17
VisualStudioVersion = 17.3.32929.385
MinimumVisualStudioVersion = 10.0.40219.1
Project("{8BC9CEB8-8B4A-11D0-8D11-00A0C91BC942}") = "R5ReSequancer", "R5ReSequancer\R5ReSequancer.vcxproj", "{CCF81D7B-5CDF-4E32-8A84-0CDE027E054A}"
EndProject
Project("{8BC9CEB8-8B4A-11D0-8D11-00A0C91BC942}") = "R5Splinter", "R5Splinter\R5Splinter.vcxproj", "{B69B34B8-1C48-4A25-B190-F6E3B782FB80}"
EndProject
Project("{8BC9CEB8-8B4A-11D0-8D11-00A0C91BC942}") = "JunkLib", "JunkLib\JunkLib.vcxproj", "{B64C0420-F889-44D5-953C-6C1B6E948244}"
EndProject
Project("{8BC9CEB8-8B4A-11D0-8D11-00A0C91BC942}") = "VGMover", "VGMover\VGMover.vcxproj", "{ED0DCCC0-D2A2-4EE2-B1AB-DA5C4A3D39D3}"
EndProject
Project("{8BC9CEB8-8B4A-11D0-8D11-00A0C91BC942}") = "SeqCompiler", "SeqCompiler\SeqCompiler.vcxproj", "{DAA437FB-B579-4D31-BED0-39FF78F30621}"
EndProject
Global
	GlobalSection(SolutionConfigurationPlatforms) = preSolution
		Debug|x64 = Debug|x64
		Debug|x86 = Debug|x86
		Release|x64 = Release|x64
		Release|x86 = Release|x86
	EndGlobalSection
	GlobalSection(ProjectConfigurationPlatforms) = postSolution
		{CCF81D7B-5CDF-4E32-8A84-0CDE027E054A}.Debug|x64.ActiveCfg = Debug|x64
		{CCF81D7B-5CDF-4E32-8A84-0CDE027E054A}.Debug|x64.Build.0 = Debug|x64
		{CCF81D7B-5CDF-4E32-8A84-0CDE027E054A}.Debug|x86.ActiveCfg = Debug|Win32
		{CCF81D7B-5CDF-4E32-8A84-0CDE027E054A}.Debug|x86.Build.0 = Debug|Win32
		{CCF81D7B-5CDF-4E32-8A84-0CDE027E054A}.Release|x64.ActiveCfg = Release|x64
		{CCF81D7B-5CDF-4E32-8A84-0CDE027E054A}.Release|x64.Build.0 = Release|x64
		{CCF81D7B-5CDF-4E32-8A84-0CDE027E054A}.Release|x86.ActiveCfg = Release|Win32
		{CCF81D7B-5CDF-4E32-8A84-0CDE027E054A}.Release|x86.Build.0 = Release|Win32
		{B69B34B8-1C48-4A25-B190-F6E3B782FB80}.Debug|x64.ActiveCfg = Debug|x64
		{B69B34B8-1C48-4A25-B190-F6E3B782FB80}.Debug|x64.Build.0 = Debug|x64
		{B69B34B8-1C48-4A25-B190-F6E3B782FB80}.Debug|x86.ActiveCfg = Debug|Win32
		{B69B34B8-1C48-4A25-B190-F6E3B782FB80}.Debug|x86.Build.0 = Debug|Win32
		{B69B34B8-1C48-4A25-B190-F6E3B782FB80}.Release|x64.ActiveCfg = Release|x64
		{B69B34B8-1C48-4A25-B190-F6E3B782FB80}.Release|x64.Build.0 = Release|x64
		{B69B34B8-1C48-4A25-B190-F6E3B782FB80}.Release|x86.ActiveCfg = Release|Win32
		{B69B34B8-1C48-4A25-B190-F6E3B782FB80}.Release|x86.Build.0 = Release|Win32
		{B64C0420-F889-44D5-953C-6C1B6E948244}.Debug|x64.ActiveCfg = Debug|x64
		{B64C0420-F889-44D5-953C-6C1B6E948244}.Debug|x64.Build.0 = Debug|x64
		{B64C0420-F889-44D5-953C-6C1B6E948244}.Debug|x86.ActiveCfg = Debug|Win32
		{B64C0420-F889-44D5-953C-6C1B6E948244}.Debug|x86.Build.0 = Debug|Win32
		{B64C0420-F889-44D5-953C-6C1B6E948244}.Release|x64.ActiveCfg = Release|x64
		{B64C0420-F889-44D5-953C-6C1B6E948244}.Release|x64.Build.0 = Release|x64
		{B64C0420-F889-44D5-953C-6C1B6E948244}.Release|x86.ActiveCfg = Release|Win32
		{B64C0420-F889-44D5-953C-6C1B6E948244}.Release|x86.Build.0 = Release|Win32
		{ED0DCCC0-D2A2-4EE2-B1AB-DA5C4A3D39D3}.Debug|x64.ActiveCfg = Debug|x64
		{ED0DCCC0-D2A2-4EE2-B1AB-DA5C4A3D39D3}.Debug|x64.Build.0 = Debug|x64
		{ED0DCCC0-D2A2-4EE2-B1AB-DA5C4A3D39D3}.Debug|x86.ActiveCfg = Debug|Win32
		{ED0DCCC0-D2A2-4EE2-B1AB-DA5C4A3D39D3}.Debug|x86.Build.0 = Debug|Win32
		{ED0DCCC0-D2A2-4EE2-B1AB-DA5C4A3D39D3}.Release|x64.ActiveCfg = Release|x64
		{ED0DCCC0-D2A2-4EE2-B1AB-DA5C4A3D39D3}.Release|x64.Build.0 = Release|x64
		{ED0DCCC0-D2A2-4EE2-B1AB-DA5C4A3D39D3}.Release|x86.ActiveCfg = Release|Win32
		{ED0DCCC0-D2A2-4EE2-B1AB-DA5C4A3D39D3}.Release|x86.Build.0 = Release|Win32
		{DAA437FB-B579-4D31-BED0-39FF78F30621}.Debug|x64.ActiveCfg = Debug|x64
		{DAA437FB-B579-4D31-BED0-39FF78F30621}.Debug|x64.Build.0 = Debug|x64
		{DAA437FB-B579-4D31-BED0-39FF78F30621}.Debug|x86.ActiveCfg = Debug|Win32
		{DAA437FB-B579-4D31-BED0-39FF78F30621}.Debug|x86.Build.0 = Debug|Win32
		{DAA437FB-B579-4D31-BED0-39FF78F30621}.Release|x64.ActiveCfg = Release|x64
		{DAA437FB-B579-4D31-BED0-39FF78F30621}.Release|x64.Build.0 = Release|x64
		{DAA437FB-B579-4D31-BED0-39FF78F30621}.Release|x86.ActiveCfg = Release|Win32
		{DAA437FB-B579-4D31-BED0-39FF78F30621}.Release|x86.Build.0 = Release|Win32
	EndGlobalSection
	GlobalSection(SolutionProperties) = preSolution
		HideSolutionNode = FALSE
	EndGlobalSection
	GlobalSection(ExtensibilityGlobals) = postSolution
		SolutionGuid = {0E7C8A6A-B16F-45EC-994B-7A10F92D93DD}
	EndGlobalSection
EndGlobal
